// !$*UTF8*$!
{
	archiveVersion = 1;
	classes = {
	};
	objectVersion = 46;
	objects = {

/* Begin PBXBuildFile section */
		69201A331A145E4A00DAF4DE /* ACViewController.swift in Sources */ = {isa = PBXBuildFile; fileRef = 69201A321A145E4A00DAF4DE /* ACViewController.swift */; };
		69201A351A145E7300DAF4DE /* ACView.swift in Sources */ = {isa = PBXBuildFile; fileRef = 69201A341A145E7300DAF4DE /* ACView.swift */; };
		69201A381A145EFF00DAF4DE /* ACAlertView.swift in Sources */ = {isa = PBXBuildFile; fileRef = 69201A371A145EFF00DAF4DE /* ACAlertView.swift */; };
		69201A3A1A145F4500DAF4DE /* UIColor+Acheron.swift in Sources */ = {isa = PBXBuildFile; fileRef = 69201A391A145F4500DAF4DE /* UIColor+Acheron.swift */; };
		69201A3F1A14601B00DAF4DE /* NSArray+Acheron.swift in Sources */ = {isa = PBXBuildFile; fileRef = 69201A3E1A14601B00DAF4DE /* NSArray+Acheron.swift */; };
		69201A411A14603100DAF4DE /* NSHTTPCookieStorage+Acheron.swift in Sources */ = {isa = PBXBuildFile; fileRef = 69201A401A14603100DAF4DE /* NSHTTPCookieStorage+Acheron.swift */; };
		69201A441A14607C00DAF4DE /* ACHTTP.swift in Sources */ = {isa = PBXBuildFile; fileRef = 69201A431A14607C00DAF4DE /* ACHTTP.swift */; };
		69201A491A14611600DAF4DE /* ACCache.swift in Sources */ = {isa = PBXBuildFile; fileRef = 69201A461A14611600DAF4DE /* ACCache.swift */; };
		69201A4A1A14611600DAF4DE /* ACDiskCache.swift in Sources */ = {isa = PBXBuildFile; fileRef = 69201A471A14611600DAF4DE /* ACDiskCache.swift */; };
		69201A4B1A14611600DAF4DE /* ACMemoryCache.swift in Sources */ = {isa = PBXBuildFile; fileRef = 69201A481A14611600DAF4DE /* ACMemoryCache.swift */; };
		698A97F71A0F4B5E00B2C7AD /* Acheron.swift in Sources */ = {isa = PBXBuildFile; fileRef = 698A97F61A0F4B5E00B2C7AD /* Acheron.swift */; };
		69C0EFA41A0DED7600A01FBF /* AppDelegate.swift in Sources */ = {isa = PBXBuildFile; fileRef = 69C0EFA31A0DED7600A01FBF /* AppDelegate.swift */; };
		69C0EFA61A0DED7600A01FBF /* ViewController.swift in Sources */ = {isa = PBXBuildFile; fileRef = 69C0EFA51A0DED7600A01FBF /* ViewController.swift */; };
		69C0EFA91A0DED7600A01FBF /* Main.storyboard in Resources */ = {isa = PBXBuildFile; fileRef = 69C0EFA71A0DED7600A01FBF /* Main.storyboard */; };
		69C0EFAB1A0DED7600A01FBF /* Images.xcassets in Resources */ = {isa = PBXBuildFile; fileRef = 69C0EFAA1A0DED7600A01FBF /* Images.xcassets */; };
		69C0EFAE1A0DED7600A01FBF /* LaunchScreen.xib in Resources */ = {isa = PBXBuildFile; fileRef = 69C0EFAC1A0DED7600A01FBF /* LaunchScreen.xib */; };
		69C0EFBA1A0DED7600A01FBF /* Acheron_DemoTests.swift in Sources */ = {isa = PBXBuildFile; fileRef = 69C0EFB91A0DED7600A01FBF /* Acheron_DemoTests.swift */; };
/* End PBXBuildFile section */

/* Begin PBXContainerItemProxy section */
		69C0EFB41A0DED7600A01FBF /* PBXContainerItemProxy */ = {
			isa = PBXContainerItemProxy;
			containerPortal = 69C0EF961A0DED7600A01FBF /* Project object */;
			proxyType = 1;
			remoteGlobalIDString = 69C0EF9D1A0DED7600A01FBF;
			remoteInfo = "Acheron-Demo";
		};
/* End PBXContainerItemProxy section */

/* Begin PBXFileReference section */
		69201A321A145E4A00DAF4DE /* ACViewController.swift */ = {isa = PBXFileReference; fileEncoding = 4; lastKnownFileType = sourcecode.swift; path = ACViewController.swift; sourceTree = "<group>"; };
		69201A341A145E7300DAF4DE /* ACView.swift */ = {isa = PBXFileReference; fileEncoding = 4; lastKnownFileType = sourcecode.swift; path = ACView.swift; sourceTree = "<group>"; };
		69201A371A145EFF00DAF4DE /* ACAlertView.swift */ = {isa = PBXFileReference; fileEncoding = 4; lastKnownFileType = sourcecode.swift; path = ACAlertView.swift; sourceTree = "<group>"; };
		69201A391A145F4500DAF4DE /* UIColor+Acheron.swift */ = {isa = PBXFileReference; fileEncoding = 4; lastKnownFileType = sourcecode.swift; path = "UIColor+Acheron.swift"; sourceTree = "<group>"; };
		69201A3E1A14601B00DAF4DE /* NSArray+Acheron.swift */ = {isa = PBXFileReference; fileEncoding = 4; lastKnownFileType = sourcecode.swift; path = "NSArray+Acheron.swift"; sourceTree = "<group>"; };
		69201A401A14603100DAF4DE /* NSHTTPCookieStorage+Acheron.swift */ = {isa = PBXFileReference; fileEncoding = 4; lastKnownFileType = sourcecode.swift; path = "NSHTTPCookieStorage+Acheron.swift"; sourceTree = "<group>"; };
		69201A431A14607C00DAF4DE /* ACHTTP.swift */ = {isa = PBXFileReference; fileEncoding = 4; lastKnownFileType = sourcecode.swift; path = ACHTTP.swift; sourceTree = "<group>"; };
		69201A461A14611600DAF4DE /* ACCache.swift */ = {isa = PBXFileReference; fileEncoding = 4; lastKnownFileType = sourcecode.swift; path = ACCache.swift; sourceTree = "<group>"; };
		69201A471A14611600DAF4DE /* ACDiskCache.swift */ = {isa = PBXFileReference; fileEncoding = 4; lastKnownFileType = sourcecode.swift; path = ACDiskCache.swift; sourceTree = "<group>"; };
		69201A481A14611600DAF4DE /* ACMemoryCache.swift */ = {isa = PBXFileReference; fileEncoding = 4; lastKnownFileType = sourcecode.swift; path = ACMemoryCache.swift; sourceTree = "<group>"; };
		698A97F61A0F4B5E00B2C7AD /* Acheron.swift */ = {isa = PBXFileReference; fileEncoding = 4; lastKnownFileType = sourcecode.swift; path = Acheron.swift; sourceTree = "<group>"; };
		69C0EF9E1A0DED7600A01FBF /* Acheron-Demo.app */ = {isa = PBXFileReference; explicitFileType = wrapper.application; includeInIndex = 0; path = "Acheron-Demo.app"; sourceTree = BUILT_PRODUCTS_DIR; };
		69C0EFA21A0DED7600A01FBF /* Info.plist */ = {isa = PBXFileReference; lastKnownFileType = text.plist.xml; path = Info.plist; sourceTree = "<group>"; };
		69C0EFA31A0DED7600A01FBF /* AppDelegate.swift */ = {isa = PBXFileReference; lastKnownFileType = sourcecode.swift; path = AppDelegate.swift; sourceTree = "<group>"; };
		69C0EFA51A0DED7600A01FBF /* ViewController.swift */ = {isa = PBXFileReference; lastKnownFileType = sourcecode.swift; path = ViewController.swift; sourceTree = "<group>"; };
		69C0EFA81A0DED7600A01FBF /* Base */ = {isa = PBXFileReference; lastKnownFileType = file.storyboard; name = Base; path = Base.lproj/Main.storyboard; sourceTree = "<group>"; };
		69C0EFAA1A0DED7600A01FBF /* Images.xcassets */ = {isa = PBXFileReference; lastKnownFileType = folder.assetcatalog; path = Images.xcassets; sourceTree = "<group>"; };
		69C0EFAD1A0DED7600A01FBF /* Base */ = {isa = PBXFileReference; lastKnownFileType = file.xib; name = Base; path = Base.lproj/LaunchScreen.xib; sourceTree = "<group>"; };
		69C0EFB31A0DED7600A01FBF /* Acheron-DemoTests.xctest */ = {isa = PBXFileReference; explicitFileType = wrapper.cfbundle; includeInIndex = 0; path = "Acheron-DemoTests.xctest"; sourceTree = BUILT_PRODUCTS_DIR; };
		69C0EFB81A0DED7600A01FBF /* Info.plist */ = {isa = PBXFileReference; lastKnownFileType = text.plist.xml; path = Info.plist; sourceTree = "<group>"; };
		69C0EFB91A0DED7600A01FBF /* Acheron_DemoTests.swift */ = {isa = PBXFileReference; lastKnownFileType = sourcecode.swift; path = Acheron_DemoTests.swift; sourceTree = "<group>"; };
/* End PBXFileReference section */

/* Begin PBXFrameworksBuildPhase section */
		69C0EF9B1A0DED7600A01FBF /* Frameworks */ = {
			isa = PBXFrameworksBuildPhase;
			buildActionMask = 2147483647;
			files = (
			);
			runOnlyForDeploymentPostprocessing = 0;
		};
		69C0EFB01A0DED7600A01FBF /* Frameworks */ = {
			isa = PBXFrameworksBuildPhase;
			buildActionMask = 2147483647;
			files = (
			);
			runOnlyForDeploymentPostprocessing = 0;
		};
/* End PBXFrameworksBuildPhase section */

/* Begin PBXGroup section */
		69201A2C1A145C0800DAF4DE /* Extension */ = {
			isa = PBXGroup;
			children = (
				69201A3E1A14601B00DAF4DE /* NSArray+Acheron.swift */,
			);
			path = Extension;
			sourceTree = "<group>";
		};
		69201A2D1A145C2700DAF4DE /* Extension */ = {
			isa = PBXGroup;
			children = (
				69201A391A145F4500DAF4DE /* UIColor+Acheron.swift */,
			);
			path = Extension;
			sourceTree = "<group>";
		};
		69201A301A145DDB00DAF4DE /* Base */ = {
			isa = PBXGroup;
			children = (
				69201A321A145E4A00DAF4DE /* ACViewController.swift */,
				69201A341A145E7300DAF4DE /* ACView.swift */,
			);
			path = Base;
			sourceTree = "<group>";
		};
		69201A311A145DF300DAF4DE /* Base */ = {
			isa = PBXGroup;
			children = (
			);
			path = Base;
			sourceTree = "<group>";
		};
		69201A361A145EA000DAF4DE /* Component */ = {
			isa = PBXGroup;
			children = (
				69201A371A145EFF00DAF4DE /* ACAlertView.swift */,
			);
			path = Component;
			sourceTree = "<group>";
		};
		69201A3D1A145FEE00DAF4DE /* Extension */ = {
			isa = PBXGroup;
			children = (
				69201A401A14603100DAF4DE /* NSHTTPCookieStorage+Acheron.swift */,
			);
			path = Extension;
			sourceTree = "<group>";
		};
		69201A421A14603E00DAF4DE /* Component */ = {
			isa = PBXGroup;
			children = (
				69201A431A14607C00DAF4DE /* ACHTTP.swift */,
			);
			path = Component;
			sourceTree = "<group>";
		};
		69201A451A1460C800DAF4DE /* Component */ = {
			isa = PBXGroup;
			children = (
				69201A461A14611600DAF4DE /* ACCache.swift */,
				69201A471A14611600DAF4DE /* ACDiskCache.swift */,
				69201A481A14611600DAF4DE /* ACMemoryCache.swift */,
			);
			path = Component;
			sourceTree = "<group>";
		};
		698A97F81A0F4B7C00B2C7AD /* UI */ = {
			isa = PBXGroup;
			children = (
				69201A361A145EA000DAF4DE /* Component */,
				69201A301A145DDB00DAF4DE /* Base */,
				69201A2D1A145C2700DAF4DE /* Extension */,
			);
			path = UI;
			sourceTree = "<group>";
		};
		698A97FB1A0F4BB000B2C7AD /* Common */ = {
			isa = PBXGroup;
			children = (
				69201A451A1460C800DAF4DE /* Component */,
				69201A311A145DF300DAF4DE /* Base */,
				69201A2C1A145C0800DAF4DE /* Extension */,
			);
			path = Common;
			sourceTree = "<group>";
		};
		69C0EF951A0DED7600A01FBF = {
			isa = PBXGroup;
			children = (
				69C0EFA01A0DED7600A01FBF /* Acheron-Demo */,
				69C0EFB61A0DED7600A01FBF /* Acheron-DemoTests */,
				69C0EF9F1A0DED7600A01FBF /* Products */,
			);
			sourceTree = "<group>";
		};
		69C0EF9F1A0DED7600A01FBF /* Products */ = {
			isa = PBXGroup;
			children = (
				69C0EF9E1A0DED7600A01FBF /* Acheron-Demo.app */,
				69C0EFB31A0DED7600A01FBF /* Acheron-DemoTests.xctest */,
			);
			name = Products;
			sourceTree = "<group>";
		};
		69C0EFA01A0DED7600A01FBF /* Acheron-Demo */ = {
			isa = PBXGroup;
			children = (
				69C0EFC31A0DEDD900A01FBF /* Acheron */,
				69C0EFA31A0DED7600A01FBF /* AppDelegate.swift */,
				69C0EFA51A0DED7600A01FBF /* ViewController.swift */,
				69C0EFA71A0DED7600A01FBF /* Main.storyboard */,
				69C0EFAA1A0DED7600A01FBF /* Images.xcassets */,
				69C0EFAC1A0DED7600A01FBF /* LaunchScreen.xib */,
				69C0EFA11A0DED7600A01FBF /* Supporting Files */,
			);
			path = "Acheron-Demo";
			sourceTree = "<group>";
		};
		69C0EFA11A0DED7600A01FBF /* Supporting Files */ = {
			isa = PBXGroup;
			children = (
				69C0EFA21A0DED7600A01FBF /* Info.plist */,
			);
			name = "Supporting Files";
			sourceTree = "<group>";
		};
		69C0EFB61A0DED7600A01FBF /* Acheron-DemoTests */ = {
			isa = PBXGroup;
			children = (
				69C0EFB91A0DED7600A01FBF /* Acheron_DemoTests.swift */,
				69C0EFB71A0DED7600A01FBF /* Supporting Files */,
			);
			path = "Acheron-DemoTests";
			sourceTree = "<group>";
		};
		69C0EFB71A0DED7600A01FBF /* Supporting Files */ = {
			isa = PBXGroup;
			children = (
				69C0EFB81A0DED7600A01FBF /* Info.plist */,
			);
			name = "Supporting Files";
			sourceTree = "<group>";
		};
		69C0EFC31A0DEDD900A01FBF /* Acheron */ = {
			isa = PBXGroup;
			children = (
				698A97FB1A0F4BB000B2C7AD /* Common */,
				698A97F81A0F4B7C00B2C7AD /* UI */,
				69C0EFC81A0DEE3700A01FBF /* HTTP */,
				69C0EFC71A0DEE3000A01FBF /* Model */,
				698A97F61A0F4B5E00B2C7AD /* Acheron.swift */,
			);
			name = Acheron;
			path = ../../Acheron;
			sourceTree = "<group>";
		};
		69C0EFC71A0DEE3000A01FBF /* Model */ = {
			isa = PBXGroup;
			children = (
			);
			path = Model;
			sourceTree = "<group>";
		};
		69C0EFC81A0DEE3700A01FBF /* HTTP */ = {
			isa = PBXGroup;
			children = (
				69201A421A14603E00DAF4DE /* Component */,
				69201A3D1A145FEE00DAF4DE /* Extension */,
			);
			path = HTTP;
			sourceTree = "<group>";
		};
/* End PBXGroup section */

/* Begin PBXNativeTarget section */
		69C0EF9D1A0DED7600A01FBF /* Acheron-Demo */ = {
			isa = PBXNativeTarget;
			buildConfigurationList = 69C0EFBD1A0DED7600A01FBF /* Build configuration list for PBXNativeTarget "Acheron-Demo" */;
			buildPhases = (
				69C0EF9A1A0DED7600A01FBF /* Sources */,
				69C0EF9B1A0DED7600A01FBF /* Frameworks */,
				69C0EF9C1A0DED7600A01FBF /* Resources */,
			);
			buildRules = (
			);
			dependencies = (
			);
			name = "Acheron-Demo";
			productName = "Acheron-Demo";
			productReference = 69C0EF9E1A0DED7600A01FBF /* Acheron-Demo.app */;
			productType = "com.apple.product-type.application";
		};
		69C0EFB21A0DED7600A01FBF /* Acheron-DemoTests */ = {
			isa = PBXNativeTarget;
			buildConfigurationList = 69C0EFC01A0DED7600A01FBF /* Build configuration list for PBXNativeTarget "Acheron-DemoTests" */;
			buildPhases = (
				69C0EFAF1A0DED7600A01FBF /* Sources */,
				69C0EFB01A0DED7600A01FBF /* Frameworks */,
				69C0EFB11A0DED7600A01FBF /* Resources */,
			);
			buildRules = (
			);
			dependencies = (
				69C0EFB51A0DED7600A01FBF /* PBXTargetDependency */,
			);
			name = "Acheron-DemoTests";
			productName = "Acheron-DemoTests";
			productReference = 69C0EFB31A0DED7600A01FBF /* Acheron-DemoTests.xctest */;
			productType = "com.apple.product-type.bundle.unit-test";
		};
/* End PBXNativeTarget section */

/* Begin PBXProject section */
		69C0EF961A0DED7600A01FBF /* Project object */ = {
			isa = PBXProject;
			attributes = {
				LastUpgradeCheck = 0610;
				ORGANIZATIONNAME = "Yanke Guo";
				TargetAttributes = {
					69C0EF9D1A0DED7600A01FBF = {
						CreatedOnToolsVersion = 6.1;
					};
					69C0EFB21A0DED7600A01FBF = {
						CreatedOnToolsVersion = 6.1;
						TestTargetID = 69C0EF9D1A0DED7600A01FBF;
					};
				};
			};
			buildConfigurationList = 69C0EF991A0DED7600A01FBF /* Build configuration list for PBXProject "Acheron-Demo" */;
			compatibilityVersion = "Xcode 3.2";
			developmentRegion = English;
			hasScannedForEncodings = 0;
			knownRegions = (
				en,
				Base,
			);
			mainGroup = 69C0EF951A0DED7600A01FBF;
			productRefGroup = 69C0EF9F1A0DED7600A01FBF /* Products */;
			projectDirPath = "";
			projectRoot = "";
			targets = (
				69C0EF9D1A0DED7600A01FBF /* Acheron-Demo */,
				69C0EFB21A0DED7600A01FBF /* Acheron-DemoTests */,
			);
		};
/* End PBXProject section */

/* Begin PBXResourcesBuildPhase section */
		69C0EF9C1A0DED7600A01FBF /* Resources */ = {
			isa = PBXResourcesBuildPhase;
			buildActionMask = 2147483647;
			files = (
				69C0EFA91A0DED7600A01FBF /* Main.storyboard in Resources */,
				69C0EFAE1A0DED7600A01FBF /* LaunchScreen.xib in Resources */,
				69C0EFAB1A0DED7600A01FBF /* Images.xcassets in Resources */,
			);
			runOnlyForDeploymentPostprocessing = 0;
		};
		69C0EFB11A0DED7600A01FBF /* Resources */ = {
			isa = PBXResourcesBuildPhase;
			buildActionMask = 2147483647;
			files = (
			);
			runOnlyForDeploymentPostprocessing = 0;
		};
/* End PBXResourcesBuildPhase section */

/* Begin PBXSourcesBuildPhase section */
		69C0EF9A1A0DED7600A01FBF /* Sources */ = {
			isa = PBXSourcesBuildPhase;
			buildActionMask = 2147483647;
			files = (
				69201A3A1A145F4500DAF4DE /* UIColor+Acheron.swift in Sources */,
				69201A351A145E7300DAF4DE /* ACView.swift in Sources */,
				69201A411A14603100DAF4DE /* NSHTTPCookieStorage+Acheron.swift in Sources */,
				69201A4B1A14611600DAF4DE /* ACMemoryCache.swift in Sources */,
				69201A4A1A14611600DAF4DE /* ACDiskCache.swift in Sources */,
				69201A491A14611600DAF4DE /* ACCache.swift in Sources */,
				69C0EFA61A0DED7600A01FBF /* ViewController.swift in Sources */,
				69201A381A145EFF00DAF4DE /* ACAlertView.swift in Sources */,
				69201A441A14607C00DAF4DE /* ACHTTP.swift in Sources */,
				69201A3F1A14601B00DAF4DE /* NSArray+Acheron.swift in Sources */,
				69C0EFA41A0DED7600A01FBF /* AppDelegate.swift in Sources */,
				698A97F71A0F4B5E00B2C7AD /* Acheron.swift in Sources */,
				69201A331A145E4A00DAF4DE /* ACViewController.swift in Sources */,
			);
			runOnlyForDeploymentPostprocessing = 0;
		};
		69C0EFAF1A0DED7600A01FBF /* Sources */ = {
			isa = PBXSourcesBuildPhase;
			buildActionMask = 2147483647;
			files = (
				69C0EFBA1A0DED7600A01FBF /* Acheron_DemoTests.swift in Sources */,
			);
			runOnlyForDeploymentPostprocessing = 0;
		};
/* End PBXSourcesBuildPhase section */

/* Begin PBXTargetDependency section */
		69C0EFB51A0DED7600A01FBF /* PBXTargetDependency */ = {
			isa = PBXTargetDependency;
			target = 69C0EF9D1A0DED7600A01FBF /* Acheron-Demo */;
			targetProxy = 69C0EFB41A0DED7600A01FBF /* PBXContainerItemProxy */;
		};
/* End PBXTargetDependency section */

/* Begin PBXVariantGroup section */
		69C0EFA71A0DED7600A01FBF /* Main.storyboard */ = {
			isa = PBXVariantGroup;
			children = (
				69C0EFA81A0DED7600A01FBF /* Base */,
			);
			name = Main.storyboard;
			sourceTree = "<group>";
		};
		69C0EFAC1A0DED7600A01FBF /* LaunchScreen.xib */ = {
			isa = PBXVariantGroup;
			children = (
				69C0EFAD1A0DED7600A01FBF /* Base */,
			);
			name = LaunchScreen.xib;
			sourceTree = "<group>";
		};
/* End PBXVariantGroup section */

/* Begin XCBuildConfiguration section */
		69C0EFBB1A0DED7600A01FBF /* Debug */ = {
			isa = XCBuildConfiguration;
			buildSettings = {
				ALWAYS_SEARCH_USER_PATHS = NO;
				CLANG_CXX_LANGUAGE_STANDARD = "gnu++0x";
				CLANG_CXX_LIBRARY = "libc++";
				CLANG_ENABLE_MODULES = YES;
				CLANG_ENABLE_OBJC_ARC = YES;
				CLANG_WARN_BOOL_CONVERSION = YES;
				CLANG_WARN_CONSTANT_CONVERSION = YES;
				CLANG_WARN_DIRECT_OBJC_ISA_USAGE = YES_ERROR;
				CLANG_WARN_EMPTY_BODY = YES;
				CLANG_WARN_ENUM_CONVERSION = YES;
				CLANG_WARN_INT_CONVERSION = YES;
				CLANG_WARN_OBJC_ROOT_CLASS = YES_ERROR;
				CLANG_WARN_UNREACHABLE_CODE = YES;
				CLANG_WARN__DUPLICATE_METHOD_MATCH = YES;
				"CODE_SIGN_IDENTITY[sdk=iphoneos*]" = "iPhone Developer";
				COPY_PHASE_STRIP = NO;
				ENABLE_STRICT_OBJC_MSGSEND = YES;
				GCC_C_LANGUAGE_STANDARD = gnu99;
				GCC_DYNAMIC_NO_PIC = NO;
				GCC_OPTIMIZATION_LEVEL = 0;
				GCC_PREPROCESSOR_DEFINITIONS = (
					"DEBUG=1",
					"$(inherited)",
				);
				GCC_SYMBOLS_PRIVATE_EXTERN = NO;
				GCC_WARN_64_TO_32_BIT_CONVERSION = YES;
				GCC_WARN_ABOUT_RETURN_TYPE = YES_ERROR;
				GCC_WARN_UNDECLARED_SELECTOR = YES;
				GCC_WARN_UNINITIALIZED_AUTOS = YES_AGGRESSIVE;
				GCC_WARN_UNUSED_FUNCTION = YES;
				GCC_WARN_UNUSED_VARIABLE = YES;
				IPHONEOS_DEPLOYMENT_TARGET = 8.1;
				MTL_ENABLE_DEBUG_INFO = YES;
				ONLY_ACTIVE_ARCH = YES;
				SDKROOT = iphoneos;
				SWIFT_OPTIMIZATION_LEVEL = "-Onone";
			};
			name = Debug;
		};
		69C0EFBC1A0DED7600A01FBF /* Release */ = {
			isa = XCBuildConfiguration;
			buildSettings = {
				ALWAYS_SEARCH_USER_PATHS = NO;
				CLANG_CXX_LANGUAGE_STANDARD = "gnu++0x";
				CLANG_CXX_LIBRARY = "libc++";
				CLANG_ENABLE_MODULES = YES;
				CLANG_ENABLE_OBJC_ARC = YES;
				CLANG_WARN_BOOL_CONVERSION = YES;
				CLANG_WARN_CONSTANT_CONVERSION = YES;
				CLANG_WARN_DIRECT_OBJC_ISA_USAGE = YES_ERROR;
				CLANG_WARN_EMPTY_BODY = YES;
				CLANG_WARN_ENUM_CONVERSION = YES;
				CLANG_WARN_INT_CONVERSION = YES;
				CLANG_WARN_OBJC_ROOT_CLASS = YES_ERROR;
				CLANG_WARN_UNREACHABLE_CODE = YES;
				CLANG_WARN__DUPLICATE_METHOD_MATCH = YES;
				"CODE_SIGN_IDENTITY[sdk=iphoneos*]" = "iPhone Developer";
				COPY_PHASE_STRIP = YES;
				ENABLE_NS_ASSERTIONS = NO;
				ENABLE_STRICT_OBJC_MSGSEND = YES;
				GCC_C_LANGUAGE_STANDARD = gnu99;
				GCC_WARN_64_TO_32_BIT_CONVERSION = YES;
				GCC_WARN_ABOUT_RETURN_TYPE = YES_ERROR;
				GCC_WARN_UNDECLARED_SELECTOR = YES;
				GCC_WARN_UNINITIALIZED_AUTOS = YES_AGGRESSIVE;
				GCC_WARN_UNUSED_FUNCTION = YES;
				GCC_WARN_UNUSED_VARIABLE = YES;
				IPHONEOS_DEPLOYMENT_TARGET = 8.1;
				MTL_ENABLE_DEBUG_INFO = NO;
				SDKROOT = iphoneos;
				VALIDATE_PRODUCT = YES;
			};
			name = Release;
		};
		69C0EFBE1A0DED7600A01FBF /* Debug */ = {
			isa = XCBuildConfiguration;
			buildSettings = {
				ASSETCATALOG_COMPILER_APPICON_NAME = AppIcon;
				INFOPLIST_FILE = "Acheron-Demo/Info.plist";
				LD_RUNPATH_SEARCH_PATHS = "$(inherited) @executable_path/Frameworks";
				PRODUCT_NAME = "$(TARGET_NAME)";
			};
			name = Debug;
		};
		69C0EFBF1A0DED7600A01FBF /* Release */ = {
			isa = XCBuildConfiguration;
			buildSettings = {
				ASSETCATALOG_COMPILER_APPICON_NAME = AppIcon;
				INFOPLIST_FILE = "Acheron-Demo/Info.plist";
				LD_RUNPATH_SEARCH_PATHS = "$(inherited) @executable_path/Frameworks";
				PRODUCT_NAME = "$(TARGET_NAME)";
			};
			name = Release;
		};
		69C0EFC11A0DED7600A01FBF /* Debug */ = {
			isa = XCBuildConfiguration;
			buildSettings = {
				BUNDLE_LOADER = "$(TEST_HOST)";
				FRAMEWORK_SEARCH_PATHS = (
					"$(SDKROOT)/Developer/Library/Frameworks",
					"$(inherited)",
				);
				GCC_PREPROCESSOR_DEFINITIONS = (
					"DEBUG=1",
					"$(inherited)",
				);
				INFOPLIST_FILE = "Acheron-DemoTests/Info.plist";
				LD_RUNPATH_SEARCH_PATHS = "$(inherited) @executable_path/Frameworks @loader_path/Frameworks";
				PRODUCT_NAME = "$(TARGET_NAME)";
				TEST_HOST = "$(BUILT_PRODUCTS_DIR)/Acheron-Demo.app/Acheron-Demo";
			};
			name = Debug;
		};
		69C0EFC21A0DED7600A01FBF /* Release */ = {
			isa = XCBuildConfiguration;
			buildSettings = {
				BUNDLE_LOADER = "$(TEST_HOST)";
				FRAMEWORK_SEARCH_PATHS = (
					"$(SDKROOT)/Developer/Library/Frameworks",
					"$(inherited)",
				);
				INFOPLIST_FILE = "Acheron-DemoTests/Info.plist";
				LD_RUNPATH_SEARCH_PATHS = "$(inherited) @executable_path/Frameworks @loader_path/Frameworks";
				PRODUCT_NAME = "$(TARGET_NAME)";
				TEST_HOST = "$(BUILT_PRODUCTS_DIR)/Acheron-Demo.app/Acheron-Demo";
			};
			name = Release;
		};
/* End XCBuildConfiguration section */

/* Begin XCConfigurationList section */
		69C0EF991A0DED7600A01FBF /* Build configuration list for PBXProject "Acheron-Demo" */ = {
			isa = XCConfigurationList;
			buildConfigurations = (
				69C0EFBB1A0DED7600A01FBF /* Debug */,
				69C0EFBC1A0DED7600A01FBF /* Release */,
			);
			defaultConfigurationIsVisible = 0;
			defaultConfigurationName = Release;
		};
		69C0EFBD1A0DED7600A01FBF /* Build configuration list for PBXNativeTarget "Acheron-Demo" */ = {
			isa = XCConfigurationList;
			buildConfigurations = (
				69C0EFBE1A0DED7600A01FBF /* Debug */,
				69C0EFBF1A0DED7600A01FBF /* Release */,
			);
			defaultConfigurationIsVisible = 0;
			defaultConfigurationName = Release;
		};
		69C0EFC01A0DED7600A01FBF /* Build configuration list for PBXNativeTarget "Acheron-DemoTests" */ = {
			isa = XCConfigurationList;
			buildConfigurations = (
				69C0EFC11A0DED7600A01FBF /* Debug */,
				69C0EFC21A0DED7600A01FBF /* Release */,
			);
			defaultConfigurationIsVisible = 0;
			defaultConfigurationName = Release;
		};
/* End XCConfigurationList section */
	};
	rootObject = 69C0EF961A0DED7600A01FBF /* Project object */;
}
